# generated by rye
# use `rye lock` or `rye sync` to update this lockfile
#
# last locked with the following flags:
#   pre: false
#   features: []
#   all-features: false
#   with-sources: false
#   generate-hashes: false
#   universal: false

-e file:.
aws-lambda-powertools==2.42.0
    # via example-aws-lambda-e2e-test-on-gha
aws-xray-sdk==2.14.0
    # via aws-lambda-powertools
botocore==1.34.153
    # via aws-xray-sdk
certifi==2024.7.4
    # via requests
charset-normalizer==3.3.2
    # via requests
fastjsonschema==2.20.0
    # via aws-lambda-powertools
idna==3.7
    # via requests
iniconfig==2.0.0
    # via pytest
jmespath==1.0.1
    # via aws-lambda-powertools
    # via botocore
packaging==24.1
    # via pytest
pluggy==1.5.0
    # via pytest
pydantic==1.10.17
    # via aws-lambda-powertools
pytest==8.3.2
python-dateutil==2.9.0.post0
    # via botocore
requests==2.32.3
six==1.16.0
    # via python-dateutil
typing-extensions==4.12.2
    # via aws-lambda-powertools
    # via pydantic
urllib3==2.2.2
    # via botocore
    # via requests
wrapt==1.16.0
    # via aws-xray-sdk
